
Microsoft Visual Studio Solution File, Format Version 12.00
# Visual Studio Version 17
VisualStudioVersion = 17.6.33815.320
MinimumVisualStudioVersion = 10.0.40219.1
Project("{FAE04EC0-301F-11D3-BF4B-00C04F79EFBC}") = "Prim", "Prim\Prim.csproj", "{C6CCD433-3A7A-4C02-8379-559671EEB338}"
EndProject
Global
	GlobalSection(SolutionConfigurationPlatforms) = preSolution
		Debug|Any CPU = Debug|Any CPU
		Release|Any CPU = Release|Any CPU
	EndGlobalSection
	GlobalSection(ProjectConfigurationPlatforms) = postSolution
		{C6CCD433-3A7A-4C02-8379-559671EEB338}.Debug|Any CPU.ActiveCfg = Debug|Any CPU
		{C6CCD433-3A7A-4C02-8379-559671EEB338}.Debug|Any CPU.Build.0 = Debug|Any CPU
		{C6CCD433-3A7A-4C02-8379-559671EEB338}.Release|Any CPU.ActiveCfg = Release|Any CPU
		{C6CCD433-3A7A-4C02-8379-559671EEB338}.Release|Any CPU.Build.0 = Release|Any CPU
	EndGlobalSection
	GlobalSection(SolutionProperties) = preSolution
		HideSolutionNode = FALSE
	EndGlobalSection
	GlobalSection(ExtensibilityGlobals) = postSolution
		SolutionGuid = {82CB0D28-83C5-4C6E-AAC6-2A47A7284200}
	EndGlobalSection
EndGlobal
